
Microsoft Visual Studio Solution File, Format Version 12.00
# Visual Studio 15
VisualStudioVersion = 15.0.27703.2035
MinimumVisualStudioVersion = 10.0.40219.1
Project("{FAE04EC0-301F-11D3-BF4B-00C04F79EFBC}") = "TheAwesomeClicker", "TheAwesomeClicker\TheAwesomeClicker.csproj", "{DA39E177-F0A7-4A75-82C4-39A877AC65C9}"
EndProject
Global
	GlobalSection(SolutionConfigurationPlatforms) = preSolution
		Debug|ARM = Debug|ARM
		Debug|x64 = Debug|x64
		Debug|x86 = Debug|x86
		Release|ARM = Release|ARM
		Release|x64 = Release|x64
		Release|x86 = Release|x86
	EndGlobalSection
	GlobalSection(ProjectConfigurationPlatforms) = postSolution
		{DA39E177-F0A7-4A75-82C4-39A877AC65C9}.Debug|ARM.ActiveCfg = Debug|ARM
		{DA39E177-F0A7-4A75-82C4-39A877AC65C9}.Debug|ARM.Build.0 = Debug|ARM
		{DA39E177-F0A7-4A75-82C4-39A877AC65C9}.Debug|ARM.Deploy.0 = Debug|ARM
		{DA39E177-F0A7-4A75-82C4-39A877AC65C9}.Debug|x64.ActiveCfg = Debug|x64
		{DA39E177-F0A7-4A75-82C4-39A877AC65C9}.Debug|x64.Build.0 = Debug|x64
		{DA39E177-F0A7-4A75-82C4-39A877AC65C9}.Debug|x64.Deploy.0 = Debug|x64
		{DA39E177-F0A7-4A75-82C4-39A877AC65C9}.Debug|x86.ActiveCfg = Debug|x86
		{DA39E177-F0A7-4A75-82C4-39A877AC65C9}.Debug|x86.Build.0 = Debug|x86
		{DA39E177-F0A7-4A75-82C4-39A877AC65C9}.Debug|x86.Deploy.0 = Debug|x86
		{DA39E177-F0A7-4A75-82C4-39A877AC65C9}.Release|ARM.ActiveCfg = Release|ARM
		{DA39E177-F0A7-4A75-82C4-39A877AC65C9}.Release|ARM.Build.0 = Release|ARM
		{DA39E177-F0A7-4A75-82C4-39A877AC65C9}.Release|ARM.Deploy.0 = Release|ARM
		{DA39E177-F0A7-4A75-82C4-39A877AC65C9}.Release|x64.ActiveCfg = Release|x64
		{DA39E177-F0A7-4A75-82C4-39A877AC65C9}.Release|x64.Build.0 = Release|x64
		{DA39E177-F0A7-4A75-82C4-39A877AC65C9}.Release|x64.Deploy.0 = Release|x64
		{DA39E177-F0A7-4A75-82C4-39A877AC65C9}.Release|x86.ActiveCfg = Release|x86
		{DA39E177-F0A7-4A75-82C4-39A877AC65C9}.Release|x86.Build.0 = Release|x86
		{DA39E177-F0A7-4A75-82C4-39A877AC65C9}.Release|x86.Deploy.0 = Release|x86
	EndGlobalSection
	GlobalSection(SolutionProperties) = preSolution
		HideSolutionNode = FALSE
	EndGlobalSection
	GlobalSection(ExtensibilityGlobals) = postSolution
		SolutionGuid = {04BAD8BD-B2FB-4996-8A7C-1BEDCF1E9576}
	EndGlobalSection
EndGlobal
